<?xml version="1.0" encoding="utf-8"?>
<Project ToolsVersion="4.0" xmlns="http://schemas.microsoft.com/developer/msbuild/2003">
  <ItemGroup>
    <Filter Include="Source Files">
      <UniqueIdentifier>{4FC737F1-C7A5-4376-A066-2A32D752A2FF}</UniqueIdentifier>
      <Extensions>cpp;c;cc;cxx;c++;cppm;ixx;def;odl;idl;hpj;bat;asm;asmx</Extensions>
    </Filter>
    <Filter Include="Header Files">
      <UniqueIdentifier>{93995380-89BD-4b04-88EB-625FBE52EBFB}</UniqueIdentifier>
      <Extensions>h;hh;hpp;hxx;h++;hm;inl;inc;ipp;xsd</Extensions>
    </Filter>
    <Filter Include="Resource Files">
      <UniqueIdentifier>{67DA6AB6-F800-4c08-8B7A-83BB121AAD01}</UniqueIdentifier>
      <Extensions>rc;ico;cur;bmp;dlg;rc2;rct;bin;rgs;gif;jpg;jpeg;jpe;resx;tiff;tif;png;wav;mfcribbon-ms</Extensions>
    </Filter>
  </ItemGroup>
  <ItemGroup>
    <ClCompile Include="src\Entrypoint.cpp">
      <Filter>Source Files</Filter>
    </ClCompile>
    <ClCompile Include="src\MemoryTest.cpp">
      <Filter>Source Files</Filter>
    </ClCompile>
    <ClCompile Include="src\presentation\camera\CameraTester.cpp">
      <Filter>Source Files</Filter>
    </ClCompile>
    <ClCompile Include="src\presentation\PresentationTester.cpp">
      <Filter>Source Files</Filter>
    </ClCompile>
    <ClCompile Include="src\SubordinateTester.cpp">
      <Filter>Source Files</Filter>
    </ClCompile>
    <ClCompile Include="src\domain\resolution\default\ResolutionDefaultHeightTest.cpp">
      <Filter>Source Files</Filter>
    </ClCompile>
    <ClCompile Include="src\domain\resolution\default\ResolutionDefaultTester.cpp">
      <Filter>Source Files</Filter>
    </ClCompile>
    <ClCompile Include="src\domain\resolution\default\ResolutionDefaultWidthTest.cpp">
      <Filter>Source Files</Filter>
    </ClCompile>
    <ClCompile Include="src\domain\resolution\minimum\ResolutionMinimumHeightTest.cpp">
      <Filter>Source Files</Filter>
    </ClCompile>
    <ClCompile Include="src\domain\resolution\minimum\ResolutionMinimumTester.cpp">
      <Filter>Source Files</Filter>
    </ClCompile>
    <ClCompile Include="src\domain\resolution\minimum\ResolutionMinimumWidthTest.cpp">
      <Filter>Source Files</Filter>
    </ClCompile>
    <ClCompile Include="src\domain\resolution\parameter\ResolutionParameterHeightTest.cpp">
      <Filter>Source Files</Filter>
    </ClCompile>
    <ClCompile Include="src\domain\resolution\parameter\ResolutionParameterTester.cpp">
      <Filter>Source Files</Filter>
    </ClCompile>
    <ClCompile Include="src\domain\resolution\parameter\ResolutionParameterWidthTest.cpp">
      <Filter>Source Files</Filter>
    </ClCompile>
    <ClCompile Include="src\domain\resolution\ResolutionTester.cpp">
      <Filter>Source Files</Filter>
    </ClCompile>
    <ClCompile Include="src\domain\DomainTester.cpp">
      <Filter>Source Files</Filter>
    </ClCompile>
    <ClCompile Include="src\presentation\camera\CameraFrustumTest.cpp">
      <Filter>Source Files</Filter>
    </ClCompile>
    <ClCompile Include="src\presentation\RGB\RGBRedTest.cpp">
      <Filter>Source Files</Filter>
    </ClCompile>
    <ClCompile Include="src\presentation\RGB\RGBTester.cpp">
      <Filter>Source Files</Filter>
    </ClCompile>
    <ClCompile Include="src\presentation\RGB\RGBGreenTest.cpp">
      <Filter>Source Files</Filter>
    </ClCompile>
    <ClCompile Include="src\presentation\RGB\RGBBlueTest.cpp">
      <Filter>Source Files</Filter>
    </ClCompile>
    <ClCompile Include="src\presentation\RGBA\RGBARedTest.cpp">
      <Filter>Source Files</Filter>
    </ClCompile>
    <ClCompile Include="src\presentation\RGBA\RGBATester.cpp">
      <Filter>Source Files</Filter>
    </ClCompile>
    <ClCompile Include="src\presentation\RGBA\RGBAGreenTest.cpp">
      <Filter>Source Files</Filter>
    </ClCompile>
    <ClCompile Include="src\presentation\RGBA\RGBABlueTest.cpp">
      <Filter>Source Files</Filter>
    </ClCompile>
    <ClCompile Include="src\presentation\RGBA\RGBAAlphaTest.cpp">
      <Filter>Source Files</Filter>
    </ClCompile>
    <ClCompile Include="src\application\rasteriser\default\RasteriserDefaultModeTest.cpp">
      <Filter>Source Files</Filter>
    </ClCompile>
    <ClCompile Include="src\application\rasteriser\default\RasteriserDefaultTester.cpp">
      <Filter>Source Files</Filter>
    </ClCompile>
    <ClCompile Include="src\application\rasteriser\RasteriserTester.cpp">
      <Filter>Source Files</Filter>
    </ClCompile>
    <ClCompile Include="src\application\ApplicationTester.cpp">
      <Filter>Source Files</Filter>
    </ClCompile>
    <ClCompile Include="src\application\rasteriser\default\RasteriserDefaultCullingTest.cpp">
      <Filter>Source Files</Filter>
    </ClCompile>
    <ClCompile Include="src\application\rasteriser\mode\RasteriserModeWireframeTest.cpp">
      <Filter>Source Files</Filter>
    </ClCompile>
    <ClCompile Include="src\application\rasteriser\mode\RasteriserModeTester.cpp">
      <Filter>Source Files</Filter>
    </ClCompile>
    <ClCompile Include="src\application\rasteriser\mode\RasteriserModeSolidTest.cpp">
      <Filter>Source Files</Filter>
    </ClCompile>
    <ClCompile Include="src\application\rasteriser\culling\RasteriserCullingNoneTest.cpp">
      <Filter>Source Files</Filter>
    </ClCompile>
    <ClCompile Include="src\application\rasteriser\culling\RasteriserCullingTester.cpp">
      <Filter>Source Files</Filter>
    </ClCompile>
    <ClCompile Include="src\application\rasteriser\culling\RasteriserCullingFrontTest.cpp">
      <Filter>Source Files</Filter>
    </ClCompile>
    <ClCompile Include="src\application\rasteriser\culling\RasteriserCullingBackTest.cpp">
      <Filter>Source Files</Filter>
    </ClCompile>
    <ClCompile Include="src\application\rasteriser\default\RasteriserDefaultDepthTest.cpp">
      <Filter>Source Files</Filter>
    </ClCompile>
    <ClCompile Include="src\application\swapchain\default\SwapchainDefaultViewportTest.cpp">
      <Filter>Source Files</Filter>
    </ClCompile>
    <ClCompile Include="src\application\swapchain\default\SwapchainDefaultTester.cpp">
      <Filter>Source Files</Filter>
    </ClCompile>
    <ClCompile Include="src\application\swapchain\SwapchainTester.cpp">
      <Filter>Source Files</Filter>
    </ClCompile>
    <ClCompile Include="src\application\swapchain\default\SwapchainDefaultViewTest.cpp">
      <Filter>Source Files</Filter>
    </ClCompile>
    <ClCompile Include="src\application\swapchain\default\SwapchainDefaultDepthTest.cpp">
      <Filter>Source Files</Filter>
    </ClCompile>
    <ClCompile Include="src\application\swapchain\resolution\SwapchainResolutionViewTest.cpp">
      <Filter>Source Files</Filter>
    </ClCompile>
    <ClCompile Include="src\application\swapchain\resolution\SwapchainResolutionTester.cpp">
      <Filter>Source Files</Filter>
    </ClCompile>
    <ClCompile Include="src\application\swapchain\resolution\SwapchainResolutionDepthTest.cpp">
      <Filter>Source Files</Filter>
    </ClCompile>
    <ClCompile Include="src\application\swapchain\resolution\SwapchainResolutionViewportTest.cpp">
      <Filter>Source Files</Filter>
    </ClCompile>
    <ClCompile Include="src\application\swapchain\interval\SwapchainIntervalDefaultTest.cpp">
      <Filter>Source Files</Filter>
    </ClCompile>
    <ClCompile Include="src\application\swapchain\interval\SwapchainIntervalTester.cpp">
      <Filter>Source Files</Filter>
    </ClCompile>
    <ClCompile Include="src\application\swapchain\interval\SwapchainIntervalFullTest.cpp">
      <Filter>Source Files</Filter>
    </ClCompile>
    <ClCompile Include="src\application\swapchain\interval\SwapchainIntervalHalfTest.cpp">
      <Filter>Source Files</Filter>
    </ClCompile>
    <ClCompile Include="src\application\swapchain\interval\SwapchainIntervalQuaterTest.cpp">
      <Filter>Source Files</Filter>
    </ClCompile>
    <ClCompile Include="src\application\swapchain\interval\SwapchainIntervalNoneTest.cpp">
      <Filter>Source Files</Filter>
    </ClCompile>
    <ClCompile Include="src\application\perObject\default\PerObjectDefaultTransformTest.cpp">
      <Filter>Source Files</Filter>
    </ClCompile>
    <ClCompile Include="src\application\perObject\default\PerObjectDefaultTester.cpp">
      <Filter>Source Files</Filter>
    </ClCompile>
    <ClCompile Include="src\application\perObject\PerObjectTester.cpp">
      <Filter>Source Files</Filter>
    </ClCompile>
    <ClCompile Include="src\application\perObject\default\PerObjectDefaultColourTest.cpp">
      <Filter>Source Files</Filter>
    </ClCompile>
    <ClCompile Include="src\application\perObject\invalid\PerObjectInvalidDeviceTest.cpp">
      <Filter>Source Files</Filter>
    </ClCompile>
    <ClCompile Include="src\application\perObject\invalid\PerObjectInvalidTester.cpp">
      <Filter>Source Files</Filter>
    </ClCompile>
    <ClCompile Include="src\application\rasteriser\invalid\RasteriserInvalidDeviceTest.cpp">
      <Filter>Source Files</Filter>
    </ClCompile>
    <ClCompile Include="src\application\rasteriser\invalid\RasteriserInvalidTester.cpp">
      <Filter>Source Files</Filter>
    </ClCompile>
    <ClCompile Include="src\application\rasteriser\invalid\RasteriserInvalidContextTest.cpp">
      <Filter>Source Files</Filter>
    </ClCompile>
    <ClCompile Include="src\application\swapchain\invalid\SwapchainInvalidDeviceTest.cpp">
      <Filter>Source Files</Filter>
    </ClCompile>
    <ClCompile Include="src\application\swapchain\invalid\SwapchainInvalidTester.cpp">
      <Filter>Source Files</Filter>
    </ClCompile>
    <ClCompile Include="src\application\swapchain\invalid\SwapchainInvalidWindowTest.cpp">
      <Filter>Source Files</Filter>
    </ClCompile>
    <ClCompile Include="src\application\swapchain\invalid\SwapchainInvalidContextTest.cpp">
      <Filter>Source Files</Filter>
    </ClCompile>
    <ClCompile Include="src\presentation\camera\pos\CameraXposTest.cpp">
      <Filter>Source Files</Filter>
    </ClCompile>
    <ClCompile Include="src\presentation\camera\pos\CameraYposTest.cpp">
      <Filter>Source Files</Filter>
    </ClCompile>
    <ClCompile Include="src\presentation\camera\pos\CameraZposTest.cpp">
      <Filter>Source Files</Filter>
    </ClCompile>
    <ClCompile Include="src\presentation\camera\pos\CameraPosTester.cpp">
      <Filter>Source Files</Filter>
    </ClCompile>
    <ClCompile Include="src\presentation\camera\rot\CameraXrotTest.cpp">
      <Filter>Source Files</Filter>
    </ClCompile>
    <ClCompile Include="src\presentation\camera\rot\CameraRotTester.cpp">
      <Filter>Source Files</Filter>
    </ClCompile>
    <ClCompile Include="src\presentation\camera\rot\CameraYrotTest.cpp">
      <Filter>Source Files</Filter>
    </ClCompile>
    <ClCompile Include="src\presentation\camera\rot\CameraZrotTest.cpp">
      <Filter>Source Files</Filter>
    </ClCompile>
    <ClCompile Include="src\application\perObject\apply\PerObjectApplyTransformTest.cpp">
      <Filter>Source Files</Filter>
    </ClCompile>
    <ClCompile Include="src\application\perObject\apply\PerObjectApplyTester.cpp">
      <Filter>Source Files</Filter>
    </ClCompile>
    <ClCompile Include="src\application\perObject\apply\PerObjectApplyColourTest.cpp">
      <Filter>Source Files</Filter>
    </ClCompile>
    <ClCompile Include="src\application\perObject\invalid\PerObjectInvalidBindTest.cpp">
      <Filter>Source Files</Filter>
    </ClCompile>
    <ClCompile Include="src\application\perObject\invalid\PerObjectInvalidApplyTest.cpp">
      <Filter>Source Files</Filter>
    </ClCompile>
    <ClCompile Include="src\application\perObject\reload\PerObjectReloadColourTest.cpp">
      <Filter>Source Files</Filter>
    </ClCompile>
    <ClCompile Include="src\application\perObject\reload\PerObjectReloadTester.cpp">
      <Filter>Source Files</Filter>
    </ClCompile>
    <ClCompile Include="src\application\perObject\reload\PerObjectReloadTransformTest.cpp">
      <Filter>Source Files</Filter>
    </ClCompile>
    <ClCompile Include="src\application\perScene\default\PerSceneDefaultWorldViewProjectionTest.cpp">
      <Filter>Source Files</Filter>
    </ClCompile>
    <ClCompile Include="src\application\perScene\default\PerSceneDefaultTester.cpp">
      <Filter>Source Files</Filter>
    </ClCompile>
    <ClCompile Include="src\application\perScene\PerSceneTester.cpp">
      <Filter>Source Files</Filter>
    </ClCompile>
    <ClCompile Include="src\application\perScene\default\PerSceneDefaultAmbienceTest.cpp">
      <Filter>Source Files</Filter>
    </ClCompile>
    <ClCompile Include="src\application\perScene\reload\PerSceneReloadWorldViewProjectionTest.cpp">
      <Filter>Source Files</Filter>
    </ClCompile>
    <ClCompile Include="src\application\perScene\reload\PerSceneReloadTester.cpp">
      <Filter>Source Files</Filter>
    </ClCompile>
    <ClCompile Include="src\application\perScene\reload\PerSceneReloadAmbienceTest.cpp">
      <Filter>Source Files</Filter>
    </ClCompile>
    <ClCompile Include="src\application\perScene\apply\PerSceneApplyWorldViewProjectionTest.cpp">
      <Filter>Source Files</Filter>
    </ClCompile>
    <ClCompile Include="src\application\perScene\apply\PerSceneApplyTester.cpp">
      <Filter>Source Files</Filter>
    </ClCompile>
    <ClCompile Include="src\application\perScene\apply\PerSceneApplyAmbienceTest.cpp">
      <Filter>Source Files</Filter>
    </ClCompile>
    <ClCompile Include="src\application\perScene\invalid\PerSceneInvalidDeviceTest.cpp">
      <Filter>Source Files</Filter>
    </ClCompile>
    <ClCompile Include="src\application\perScene\invalid\PerSceneInvalidTester.cpp">
      <Filter>Source Files</Filter>
    </ClCompile>
    <ClCompile Include="src\application\perScene\invalid\PerSceneInvalidBindTest.cpp">
      <Filter>Source Files</Filter>
    </ClCompile>
    <ClCompile Include="src\application\perScene\invalid\PerSceneInvalidApplyTest.cpp">
      <Filter>Source Files</Filter>
    </ClCompile>
    <ClCompile Include="src\presentation\camera\CameraAspectRatioTest.cpp">
      <Filter>Source Files</Filter>
    </ClCompile>
    <ClCompile Include="src\application\geometry\default\GeometryDefaultPositionsTest.cpp">
      <Filter>Source Files</Filter>
    </ClCompile>
    <ClCompile Include="src\application\geometry\default\GeometryDefaultTester.cpp">
      <Filter>Source Files</Filter>
    </ClCompile>
    <ClCompile Include="src\application\geometry\GeometryTester.cpp">
      <Filter>Source Files</Filter>
    </ClCompile>
    <ClCompile Include="src\application\geometry\default\GeometryDefaultTexcoordsTest.cpp">
      <Filter>Source Files</Filter>
    </ClCompile>
    <ClCompile Include="src\application\geometry\default\GeometryDefaultNormalsTest.cpp">
      <Filter>Source Files</Filter>
    </ClCompile>
    <ClCompile Include="src\domain\coordinates1D\count\Coordinates1DCountDefaultTest.cpp">
      <Filter>Source Files</Filter>
    </ClCompile>
    <ClCompile Include="src\domain\coordinates1D\count\Coordinates1DCountTester.cpp">
      <Filter>Source Files</Filter>
    </ClCompile>
    <ClCompile Include="src\domain\coordinates1D\Coordinates1DTester.cpp">
      <Filter>Source Files</Filter>
    </ClCompile>
    <ClCompile Include="src\domain\coordinates1D\count\Coordinates1DCountPushTest.cpp">
      <Filter>Source Files</Filter>
    </ClCompile>
    <ClCompile Include="src\domain\coordinates1D\index\Coordinates1DIndexDefaultTest.cpp">
      <Filter>Source Files</Filter>
    </ClCompile>
    <ClCompile Include="src\domain\coordinates1D\index\Coordinates1DIndexTester.cpp">
      <Filter>Source Files</Filter>
    </ClCompile>
    <ClCompile Include="src\domain\coordinates1D\index\Coordinates1DIndexMinimumTest.cpp">
      <Filter>Source Files</Filter>
    </ClCompile>
    <ClCompile Include="src\domain\coordinates1D\index\Coordinates1DIndexMaximumTest.cpp">
      <Filter>Source Files</Filter>
    </ClCompile>
  </ItemGroup>
  <ItemGroup>
    <ClInclude Include="src\MemoryTest.h">
      <Filter>Header Files</Filter>
    </ClInclude>
    <ClInclude Include="src\presentation\camera\CameraTester.h">
      <Filter>Header Files</Filter>
    </ClInclude>
    <ClInclude Include="src\presentation\PresentationTester.h">
      <Filter>Header Files</Filter>
    </ClInclude>
    <ClInclude Include="src\SubordinateTester.h">
      <Filter>Header Files</Filter>
    </ClInclude>
    <ClInclude Include="src\domain\resolution\default\ResolutionDefaultHeightTest.h">
      <Filter>Header Files</Filter>
    </ClInclude>
    <ClInclude Include="src\domain\resolution\default\ResolutionDefaultTester.h">
      <Filter>Header Files</Filter>
    </ClInclude>
    <ClInclude Include="src\domain\resolution\default\ResolutionDefaultWidthTest.h">
      <Filter>Header Files</Filter>
    </ClInclude>
    <ClInclude Include="src\domain\resolution\minimum\ResolutionMinimumHeightTest.h">
      <Filter>Header Files</Filter>
    </ClInclude>
    <ClInclude Include="src\domain\resolution\minimum\ResolutionMinimumTester.h">
      <Filter>Header Files</Filter>
    </ClInclude>
    <ClInclude Include="src\domain\resolution\minimum\ResolutionMinimumWidthTest.h">
      <Filter>Header Files</Filter>
    </ClInclude>
    <ClInclude Include="src\domain\resolution\parameter\ResolutionParameterHeightTest.h">
      <Filter>Header Files</Filter>
    </ClInclude>
    <ClInclude Include="src\domain\resolution\parameter\ResolutionParameterTester.h">
      <Filter>Header Files</Filter>
    </ClInclude>
    <ClInclude Include="src\domain\resolution\parameter\ResolutionParameterWidthTest.h">
      <Filter>Header Files</Filter>
    </ClInclude>
    <ClInclude Include="src\domain\resolution\ResolutionTester.h">
      <Filter>Header Files</Filter>
    </ClInclude>
    <ClInclude Include="src\domain\DomainTester.h">
      <Filter>Header Files</Filter>
    </ClInclude>
    <ClInclude Include="src\presentation\camera\CameraFrustumTest.h">
      <Filter>Header Files</Filter>
    </ClInclude>
    <ClInclude Include="src\presentation\RGB\RGBRedTest.h">
      <Filter>Header Files</Filter>
    </ClInclude>
    <ClInclude Include="src\presentation\RGB\RGBTester.h">
      <Filter>Header Files</Filter>
    </ClInclude>
    <ClInclude Include="src\presentation\RGB\RGBGreenTest.h">
      <Filter>Header Files</Filter>
    </ClInclude>
    <ClInclude Include="src\presentation\RGB\RGBBlueTest.h">
      <Filter>Header Files</Filter>
    </ClInclude>
    <ClInclude Include="src\presentation\RGBA\RGBARedTest.h">
      <Filter>Header Files</Filter>
    </ClInclude>
    <ClInclude Include="src\presentation\RGBA\RGBATester.h">
      <Filter>Header Files</Filter>
    </ClInclude>
    <ClInclude Include="src\presentation\RGBA\RGBAGreenTest.h">
      <Filter>Header Files</Filter>
    </ClInclude>
    <ClInclude Include="src\presentation\RGBA\RGBABlueTest.h">
      <Filter>Header Files</Filter>
    </ClInclude>
    <ClInclude Include="src\presentation\RGBA\RGBAAlphaTest.h">
      <Filter>Header Files</Filter>
    </ClInclude>
    <ClInclude Include="src\application\rasteriser\default\RasteriserDefaultModeTest.h">
      <Filter>Header Files</Filter>
    </ClInclude>
    <ClInclude Include="src\application\rasteriser\default\RasteriserDefaultTester.h">
      <Filter>Header Files</Filter>
    </ClInclude>
    <ClInclude Include="src\application\rasteriser\RasteriserTester.h">
      <Filter>Header Files</Filter>
    </ClInclude>
    <ClInclude Include="src\application\ApplicationTester.h">
      <Filter>Header Files</Filter>
    </ClInclude>
    <ClInclude Include="src\application\rasteriser\default\RasteriserDefaultCullingTest.h">
      <Filter>Header Files</Filter>
    </ClInclude>
    <ClInclude Include="src\application\rasteriser\mode\RasteriserModeWireframeTest.h">
      <Filter>Header Files</Filter>
    </ClInclude>
    <ClInclude Include="src\application\rasteriser\mode\RasteriserModeTester.h">
      <Filter>Header Files</Filter>
    </ClInclude>
    <ClInclude Include="src\application\rasteriser\mode\RasteriserModeSolidTest.h">
      <Filter>Header Files</Filter>
    </ClInclude>
    <ClInclude Include="src\application\rasteriser\culling\RasteriserCullingNoneTest.h">
      <Filter>Header Files</Filter>
    </ClInclude>
    <ClInclude Include="src\application\rasteriser\culling\RasteriserCullingTester.h">
      <Filter>Header Files</Filter>
    </ClInclude>
    <ClInclude Include="src\application\rasteriser\culling\RasteriserCullingFrontTest.h">
      <Filter>Header Files</Filter>
    </ClInclude>
    <ClInclude Include="src\application\rasteriser\culling\RasteriserCullingBackTest.h">
      <Filter>Header Files</Filter>
    </ClInclude>
    <ClInclude Include="src\application\rasteriser\default\RasteriserDefaultDepthTest.h">
      <Filter>Header Files</Filter>
    </ClInclude>
    <ClInclude Include="src\application\swapchain\default\SwapchainDefaultViewportTest.h">
      <Filter>Header Files</Filter>
    </ClInclude>
    <ClInclude Include="src\application\swapchain\default\SwapchainDefaultTester.h">
      <Filter>Header Files</Filter>
    </ClInclude>
    <ClInclude Include="src\application\swapchain\SwapchainTester.h">
      <Filter>Header Files</Filter>
    </ClInclude>
    <ClInclude Include="src\application\swapchain\default\SwapchainDefaultViewTest.h">
      <Filter>Header Files</Filter>
    </ClInclude>
    <ClInclude Include="src\application\swapchain\default\SwapchainDefaultDepthTest.h">
      <Filter>Header Files</Filter>
    </ClInclude>
    <ClInclude Include="src\application\swapchain\resolution\SwapchainResolutionViewTest.h">
      <Filter>Header Files</Filter>
    </ClInclude>
    <ClInclude Include="src\application\swapchain\resolution\SwapchainResolutionTester.h">
      <Filter>Header Files</Filter>
    </ClInclude>
    <ClInclude Include="src\application\swapchain\resolution\SwapchainResolutionDepthTest.h">
      <Filter>Header Files</Filter>
    </ClInclude>
    <ClInclude Include="src\application\swapchain\resolution\SwapchainResolutionViewportTest.h">
      <Filter>Header Files</Filter>
    </ClInclude>
    <ClInclude Include="src\application\swapchain\interval\SwapchainIntervalDefaultTest.h">
      <Filter>Header Files</Filter>
    </ClInclude>
    <ClInclude Include="src\application\swapchain\interval\SwapchainIntervalTester.h">
      <Filter>Header Files</Filter>
    </ClInclude>
    <ClInclude Include="src\application\swapchain\interval\SwapchainIntervalFullTest.h">
      <Filter>Header Files</Filter>
    </ClInclude>
    <ClInclude Include="src\application\swapchain\interval\SwapchainIntervalHalfTest.h">
      <Filter>Header Files</Filter>
    </ClInclude>
    <ClInclude Include="src\application\swapchain\interval\SwapchainIntervalQuaterTest.h">
      <Filter>Header Files</Filter>
    </ClInclude>
    <ClInclude Include="src\application\swapchain\interval\SwapchainIntervalNoneTest.h">
      <Filter>Header Files</Filter>
    </ClInclude>
    <ClInclude Include="src\application\perObject\default\PerObjectDefaultTransformTest.h">
      <Filter>Header Files</Filter>
    </ClInclude>
    <ClInclude Include="src\application\perObject\default\PerObjectDefaultTester.h">
      <Filter>Header Files</Filter>
    </ClInclude>
    <ClInclude Include="src\application\perObject\PerObjectTester.h">
      <Filter>Header Files</Filter>
    </ClInclude>
    <ClInclude Include="src\application\perObject\default\PerObjectDefaultColourTest.h">
      <Filter>Header Files</Filter>
    </ClInclude>
    <ClInclude Include="src\application\perObject\invalid\PerObjectInvalidDeviceTest.h">
      <Filter>Header Files</Filter>
    </ClInclude>
    <ClInclude Include="src\application\perObject\invalid\PerObjectInvalidTester.h">
      <Filter>Header Files</Filter>
    </ClInclude>
    <ClInclude Include="src\application\rasteriser\invalid\RasteriserInvalidDeviceTest.h">
      <Filter>Header Files</Filter>
    </ClInclude>
    <ClInclude Include="src\application\rasteriser\invalid\RasteriserInvalidTester.h">
      <Filter>Header Files</Filter>
    </ClInclude>
    <ClInclude Include="src\application\rasteriser\invalid\RasteriserInvalidContextTest.h">
      <Filter>Header Files</Filter>
    </ClInclude>
    <ClInclude Include="src\application\swapchain\invalid\SwapchainInvalidDeviceTest.h">
      <Filter>Header Files</Filter>
    </ClInclude>
    <ClInclude Include="src\application\swapchain\invalid\SwapchainInvalidTester.h">
      <Filter>Header Files</Filter>
    </ClInclude>
    <ClInclude Include="src\application\swapchain\invalid\SwapchainInvalidWindowTest.h">
      <Filter>Header Files</Filter>
    </ClInclude>
    <ClInclude Include="src\application\swapchain\invalid\SwapchainInvalidContextTest.h">
      <Filter>Header Files</Filter>
    </ClInclude>
    <ClInclude Include="src\presentation\camera\pos\CameraXposTest.h">
      <Filter>Header Files</Filter>
    </ClInclude>
    <ClInclude Include="src\presentation\camera\pos\CameraYposTest.h">
      <Filter>Header Files</Filter>
    </ClInclude>
    <ClInclude Include="src\presentation\camera\pos\CameraZposTest.h">
      <Filter>Header Files</Filter>
    </ClInclude>
    <ClInclude Include="src\presentation\camera\pos\CameraPosTester.h">
      <Filter>Header Files</Filter>
    </ClInclude>
    <ClInclude Include="src\presentation\camera\rot\CameraXrotTest.h">
      <Filter>Header Files</Filter>
    </ClInclude>
    <ClInclude Include="src\presentation\camera\rot\CameraRotTester.h">
      <Filter>Header Files</Filter>
    </ClInclude>
    <ClInclude Include="src\presentation\camera\rot\CameraYrotTest.h">
      <Filter>Header Files</Filter>
    </ClInclude>
    <ClInclude Include="src\presentation\camera\rot\CameraZrotTest.h">
      <Filter>Header Files</Filter>
    </ClInclude>
    <ClInclude Include="src\application\perObject\apply\PerObjectApplyTransformTest.h">
      <Filter>Header Files</Filter>
    </ClInclude>
    <ClInclude Include="src\application\perObject\apply\PerObjectApplyTester.h">
      <Filter>Header Files</Filter>
    </ClInclude>
    <ClInclude Include="src\application\perObject\apply\PerObjectApplyColourTest.h">
      <Filter>Header Files</Filter>
    </ClInclude>
    <ClInclude Include="src\application\perObject\invalid\PerObjectInvalidBindTest.h">
      <Filter>Header Files</Filter>
    </ClInclude>
    <ClInclude Include="src\application\perObject\invalid\PerObjectInvalidApplyTest.h">
      <Filter>Header Files</Filter>
    </ClInclude>
    <ClInclude Include="src\application\perObject\reload\PerObjectReloadColourTest.h">
      <Filter>Header Files</Filter>
    </ClInclude>
    <ClInclude Include="src\application\perObject\reload\PerObjectReloadTester.h">
      <Filter>Header Files</Filter>
    </ClInclude>
    <ClInclude Include="src\application\perObject\reload\PerObjectReloadTransformTest.h">
      <Filter>Header Files</Filter>
    </ClInclude>
    <ClInclude Include="src\application\perScene\default\PerSceneDefaultWorldViewProjectionTest.h">
      <Filter>Header Files</Filter>
    </ClInclude>
    <ClInclude Include="src\application\perScene\default\PerSceneDefaultTester.h">
      <Filter>Header Files</Filter>
    </ClInclude>
    <ClInclude Include="src\application\perScene\PerSceneTester.h">
      <Filter>Header Files</Filter>
    </ClInclude>
    <ClInclude Include="src\application\perScene\default\PerSceneDefaultAmbienceTest.h">
      <Filter>Header Files</Filter>
    </ClInclude>
    <ClInclude Include="src\application\perScene\reload\PerSceneReloadWorldViewProjectionTest.h">
      <Filter>Header Files</Filter>
    </ClInclude>
    <ClInclude Include="src\application\perScene\reload\PerSceneReloadTester.h">
      <Filter>Header Files</Filter>
    </ClInclude>
    <ClInclude Include="src\application\perScene\reload\PerSceneReloadAmbienceTest.h">
      <Filter>Header Files</Filter>
    </ClInclude>
    <ClInclude Include="src\application\perScene\apply\PerSceneApplyWorldViewProjectionTest.h">
      <Filter>Header Files</Filter>
    </ClInclude>
    <ClInclude Include="src\application\perScene\apply\PerSceneApplyTester.h">
      <Filter>Header Files</Filter>
    </ClInclude>
    <ClInclude Include="src\application\perScene\apply\PerSceneApplyAmbienceTest.h">
      <Filter>Header Files</Filter>
    </ClInclude>
    <ClInclude Include="src\application\perScene\invalid\PerSceneInvalidDeviceTest.h">
      <Filter>Header Files</Filter>
    </ClInclude>
    <ClInclude Include="src\application\perScene\invalid\PerSceneInvalidTester.h">
      <Filter>Header Files</Filter>
    </ClInclude>
    <ClInclude Include="src\application\perScene\invalid\PerSceneInvalidBindTest.h">
      <Filter>Header Files</Filter>
    </ClInclude>
    <ClInclude Include="src\application\perScene\invalid\PerSceneInvalidApplyTest.h">
      <Filter>Header Files</Filter>
    </ClInclude>
    <ClInclude Include="src\presentation\camera\CameraAspectRatioTest.h">
      <Filter>Header Files</Filter>
    </ClInclude>
    <ClInclude Include="src\application\geometry\default\GeometryDefaultPositionsTest.h">
      <Filter>Header Files</Filter>
    </ClInclude>
    <ClInclude Include="src\application\geometry\default\GeometryDefaultTester.h">
      <Filter>Header Files</Filter>
    </ClInclude>
    <ClInclude Include="src\application\geometry\GeometryTester.h">
      <Filter>Header Files</Filter>
    </ClInclude>
    <ClInclude Include="src\application\geometry\default\GeometryDefaultTexcoordsTest.h">
      <Filter>Header Files</Filter>
    </ClInclude>
    <ClInclude Include="src\application\geometry\default\GeometryDefaultNormalsTest.h">
      <Filter>Header Files</Filter>
    </ClInclude>
    <ClInclude Include="src\domain\coordinates1D\count\Coordinates1DCountDefaultTest.h">
      <Filter>Header Files</Filter>
    </ClInclude>
    <ClInclude Include="src\domain\coordinates1D\count\Coordinates1DCountTester.h">
      <Filter>Header Files</Filter>
    </ClInclude>
    <ClInclude Include="src\domain\coordinates1D\Coordinates1DTester.h">
      <Filter>Header Files</Filter>
    </ClInclude>
    <ClInclude Include="src\domain\coordinates1D\count\Coordinates1DCountPushTest.h">
      <Filter>Header Files</Filter>
    </ClInclude>
    <ClInclude Include="src\domain\coordinates1D\index\Coordinates1DIndexDefaultTest.h">
      <Filter>Header Files</Filter>
    </ClInclude>
    <ClInclude Include="src\domain\coordinates1D\index\Coordinates1DIndexTester.h">
      <Filter>Header Files</Filter>
    </ClInclude>
    <ClInclude Include="src\domain\coordinates1D\index\Coordinates1DIndexMinimumTest.h">
      <Filter>Header Files</Filter>
    </ClInclude>
    <ClInclude Include="src\domain\coordinates1D\index\Coordinates1DIndexMaximumTest.h">
      <Filter>Header Files</Filter>
    </ClInclude>
  </ItemGroup>
</Project>